
Microsoft Visual Studio Solution File, Format Version 12.00
# Visual Studio Version 17
VisualStudioVersion = 17.6.33829.357
MinimumVisualStudioVersion = 10.0.40219.1
Project("{FAE04EC0-301F-11D3-BF4B-00C04F79EFBC}") = "PaceNavigationApp", "PaceNavigationApp\PaceNavigationApp.csproj", "{2EC67F56-EB7A-40B7-A34F-1A4DFCFDBC43}"
EndProject
Global
	GlobalSection(SolutionConfigurationPlatforms) = preSolution
		Debug|Any CPU = Debug|Any CPU
		Release|Any CPU = Release|Any CPU
	EndGlobalSection
	GlobalSection(ProjectConfigurationPlatforms) = postSolution
		{2EC67F56-EB7A-40B7-A34F-1A4DFCFDBC43}.Debug|Any CPU.ActiveCfg = Debug|Any CPU
		{2EC67F56-EB7A-40B7-A34F-1A4DFCFDBC43}.Debug|Any CPU.Build.0 = Debug|Any CPU
		{2EC67F56-EB7A-40B7-A34F-1A4DFCFDBC43}.Release|Any CPU.ActiveCfg = Release|Any CPU
		{2EC67F56-EB7A-40B7-A34F-1A4DFCFDBC43}.Release|Any CPU.Build.0 = Release|Any CPU
	EndGlobalSection
	GlobalSection(SolutionProperties) = preSolution
		HideSolutionNode = FALSE
	EndGlobalSection
	GlobalSection(ExtensibilityGlobals) = postSolution
		SolutionGuid = {BF0067EC-0038-47A7-8671-C17C1960E44F}
	EndGlobalSection
EndGlobal
